
Microsoft Visual Studio Solution File, Format Version 12.00
# Visual Studio Version 17
VisualStudioVersion = 17.10.35013.160
MinimumVisualStudioVersion = 10.0.40219.1
Project("{FAE04EC0-301F-11D3-BF4B-00C04F79EFBC}") = "SalesApplication", "SalesApplication\SalesApplication.csproj", "{C3A674BC-9276-45E8-8A2C-BF2F09EB7EA9}"
EndProject
Global
	GlobalSection(SolutionConfigurationPlatforms) = preSolution
		Debug|Any CPU = Debug|Any CPU
		Release|Any CPU = Release|Any CPU
	EndGlobalSection
	GlobalSection(ProjectConfigurationPlatforms) = postSolution
		{C3A674BC-9276-45E8-8A2C-BF2F09EB7EA9}.Debug|Any CPU.ActiveCfg = Debug|Any CPU
		{C3A674BC-9276-45E8-8A2C-BF2F09EB7EA9}.Debug|Any CPU.Build.0 = Debug|Any CPU
		{C3A674BC-9276-45E8-8A2C-BF2F09EB7EA9}.Release|Any CPU.ActiveCfg = Release|Any CPU
		{C3A674BC-9276-45E8-8A2C-BF2F09EB7EA9}.Release|Any CPU.Build.0 = Release|Any CPU
	EndGlobalSection
	GlobalSection(SolutionProperties) = preSolution
		HideSolutionNode = FALSE
	EndGlobalSection
	GlobalSection(ExtensibilityGlobals) = postSolution
		SolutionGuid = {6E24A110-A8B7-4048-954F-2FF8EFEB5A8F}
	EndGlobalSection
EndGlobal
